
Microsoft Visual Studio Solution File, Format Version 12.00
# Visual Studio Version 16
VisualStudioVersion = 16.0.30523.141
MinimumVisualStudioVersion = 10.0.40219.1
Project("{FAE04EC0-301F-11D3-BF4B-00C04F79EFBC}") = "RoadSimulator", "RoadSimulator\RoadSimulator.csproj", "{E59280DA-C4EB-4257-A303-95BFF4922376}"
EndProject
Global
	GlobalSection(SolutionConfigurationPlatforms) = preSolution
		Debug|Any CPU = Debug|Any CPU
		Release|Any CPU = Release|Any CPU
	EndGlobalSection
	GlobalSection(ProjectConfigurationPlatforms) = postSolution
		{E59280DA-C4EB-4257-A303-95BFF4922376}.Debug|Any CPU.ActiveCfg = Debug|Any CPU
		{E59280DA-C4EB-4257-A303-95BFF4922376}.Debug|Any CPU.Build.0 = Debug|Any CPU
		{E59280DA-C4EB-4257-A303-95BFF4922376}.Release|Any CPU.ActiveCfg = Release|Any CPU
		{E59280DA-C4EB-4257-A303-95BFF4922376}.Release|Any CPU.Build.0 = Release|Any CPU
	EndGlobalSection
	GlobalSection(SolutionProperties) = preSolution
		HideSolutionNode = FALSE
	EndGlobalSection
	GlobalSection(ExtensibilityGlobals) = postSolution
		SolutionGuid = {3DE8F3C7-062A-4238-A68A-45FA6F291B67}
	EndGlobalSection
EndGlobal
